// !$*UTF8*$!
{
	archiveVersion = 1;
	classes = {
	};
	objectVersion = 56;
	objects = {

/* Begin PBXBuildFile section */
		FF2021A92B2363D800DB7F5B /* IconCollectionViewCell.swift in Sources */ = {isa = PBXBuildFile; fileRef = FF2021A82B2363D800DB7F5B /* IconCollectionViewCell.swift */; };
		FF2021AB2B23A81300DB7F5B /* Change.swift in Sources */ = {isa = PBXBuildFile; fileRef = FF2021AA2B23A81300DB7F5B /* Change.swift */; };
		FF2021AD2B23A85C00DB7F5B /* Regisrtation.swift in Sources */ = {isa = PBXBuildFile; fileRef = FF2021AC2B23A85C00DB7F5B /* Regisrtation.swift */; };
		FF275D372B1A72FD00B6FE9C /* AppDelegate.swift in Sources */ = {isa = PBXBuildFile; fileRef = FF275D362B1A72FD00B6FE9C /* AppDelegate.swift */; };
		FF275D392B1A72FD00B6FE9C /* SceneDelegate.swift in Sources */ = {isa = PBXBuildFile; fileRef = FF275D382B1A72FD00B6FE9C /* SceneDelegate.swift */; };
		FF275D3B2B1A72FD00B6FE9C /* SearchViewController.swift in Sources */ = {isa = PBXBuildFile; fileRef = FF275D3A2B1A72FD00B6FE9C /* SearchViewController.swift */; };
		FF275D402B1A72FF00B6FE9C /* Assets.xcassets in Resources */ = {isa = PBXBuildFile; fileRef = FF275D3F2B1A72FF00B6FE9C /* Assets.xcassets */; };
		FF275D432B1A72FF00B6FE9C /* LaunchScreen.storyboard in Resources */ = {isa = PBXBuildFile; fileRef = FF275D412B1A72FF00B6FE9C /* LaunchScreen.storyboard */; };
		FF3C954A2B28D5E70008F773 /* UIViewExtension.swift in Sources */ = {isa = PBXBuildFile; fileRef = FF3C95492B28D5E70008F773 /* UIViewExtension.swift */; };
		FFA1AFCE2B1F850500D83B02 /* MessegeViewController.swift in Sources */ = {isa = PBXBuildFile; fileRef = FFA1AFCD2B1F850500D83B02 /* MessegeViewController.swift */; };
		FFA1AFD02B1F855D00D83B02 /* OtherViewController.swift in Sources */ = {isa = PBXBuildFile; fileRef = FFA1AFCF2B1F855D00D83B02 /* OtherViewController.swift */; };
		FFA1AFD22B1F876900D83B02 /* AdsViewController.swift in Sources */ = {isa = PBXBuildFile; fileRef = FFA1AFD12B1F876900D83B02 /* AdsViewController.swift */; };
		FFA1AFD62B20D0D500D83B02 /* SearchVCTableViewCell.swift in Sources */ = {isa = PBXBuildFile; fileRef = FFA1AFD52B20D0D500D83B02 /* SearchVCTableViewCell.swift */; };
		FFA1AFD92B20D49C00D83B02 /* InfoCar.swift in Sources */ = {isa = PBXBuildFile; fileRef = FFA1AFD82B20D49C00D83B02 /* InfoCar.swift */; };
		FFA1AFDC2B20E63D00D83B02 /* TransmissionCar.swift in Sources */ = {isa = PBXBuildFile; fileRef = FFA1AFDB2B20E63D00D83B02 /* TransmissionCar.swift */; };
		FFA1AFE02B20EB5E00D83B02 /* TypeEngine.swift in Sources */ = {isa = PBXBuildFile; fileRef = FFA1AFDF2B20EB5E00D83B02 /* TypeEngine.swift */; };
		FFA1AFE22B20EC0A00D83B02 /* WheelDrive.swift in Sources */ = {isa = PBXBuildFile; fileRef = FFA1AFE12B20EC0A00D83B02 /* WheelDrive.swift */; };
		FFA1AFE42B20ECB000D83B02 /* CarBody.swift in Sources */ = {isa = PBXBuildFile; fileRef = FFA1AFE32B20ECB000D83B02 /* CarBody.swift */; };
		FFA1AFE72B20F46F00D83B02 /* MainViewController.swift in Sources */ = {isa = PBXBuildFile; fileRef = FFA1AFE62B20F46F00D83B02 /* MainViewController.swift */; };
		FFBD3A142B1E62DA009FFAA7 /* FavoritViewController.swift in Sources */ = {isa = PBXBuildFile; fileRef = FFBD3A132B1E62DA009FFAA7 /* FavoritViewController.swift */; };
/* End PBXBuildFile section */

/* Begin PBXFileReference section */
		FF2021A82B2363D800DB7F5B /* IconCollectionViewCell.swift */ = {isa = PBXFileReference; lastKnownFileType = sourcecode.swift; path = IconCollectionViewCell.swift; sourceTree = "<group>"; };
		FF2021AA2B23A81300DB7F5B /* Change.swift */ = {isa = PBXFileReference; lastKnownFileType = sourcecode.swift; path = Change.swift; sourceTree = "<group>"; };
		FF2021AC2B23A85C00DB7F5B /* Regisrtation.swift */ = {isa = PBXFileReference; lastKnownFileType = sourcecode.swift; path = Regisrtation.swift; sourceTree = "<group>"; };
		FF275D332B1A72FD00B6FE9C /* av.by.app */ = {isa = PBXFileReference; explicitFileType = wrapper.application; includeInIndex = 0; path = av.by.app; sourceTree = BUILT_PRODUCTS_DIR; };
		FF275D362B1A72FD00B6FE9C /* AppDelegate.swift */ = {isa = PBXFileReference; lastKnownFileType = sourcecode.swift; path = AppDelegate.swift; sourceTree = "<group>"; };
		FF275D382B1A72FD00B6FE9C /* SceneDelegate.swift */ = {isa = PBXFileReference; lastKnownFileType = sourcecode.swift; path = SceneDelegate.swift; sourceTree = "<group>"; };
		FF275D3A2B1A72FD00B6FE9C /* SearchViewController.swift */ = {isa = PBXFileReference; lastKnownFileType = sourcecode.swift; path = SearchViewController.swift; sourceTree = "<group>"; };
		FF275D3F2B1A72FF00B6FE9C /* Assets.xcassets */ = {isa = PBXFileReference; lastKnownFileType = folder.assetcatalog; path = Assets.xcassets; sourceTree = "<group>"; };
		FF275D422B1A72FF00B6FE9C /* Base */ = {isa = PBXFileReference; lastKnownFileType = file.storyboard; name = Base; path = Base.lproj/LaunchScreen.storyboard; sourceTree = "<group>"; };
		FF275D442B1A72FF00B6FE9C /* Info.plist */ = {isa = PBXFileReference; lastKnownFileType = text.plist.xml; path = Info.plist; sourceTree = "<group>"; };
		FF3C95492B28D5E70008F773 /* UIViewExtension.swift */ = {isa = PBXFileReference; lastKnownFileType = sourcecode.swift; path = UIViewExtension.swift; sourceTree = "<group>"; };
		FFA1AFCD2B1F850500D83B02 /* MessegeViewController.swift */ = {isa = PBXFileReference; lastKnownFileType = sourcecode.swift; path = MessegeViewController.swift; sourceTree = "<group>"; };
		FFA1AFCF2B1F855D00D83B02 /* OtherViewController.swift */ = {isa = PBXFileReference; lastKnownFileType = sourcecode.swift; path = OtherViewController.swift; sourceTree = "<group>"; };
		FFA1AFD12B1F876900D83B02 /* AdsViewController.swift */ = {isa = PBXFileReference; lastKnownFileType = sourcecode.swift; path = AdsViewController.swift; sourceTree = "<group>"; };
		FFA1AFD52B20D0D500D83B02 /* SearchVCTableViewCell.swift */ = {isa = PBXFileReference; lastKnownFileType = sourcecode.swift; path = SearchVCTableViewCell.swift; sourceTree = "<group>"; };
		FFA1AFD82B20D49C00D83B02 /* InfoCar.swift */ = {isa = PBXFileReference; lastKnownFileType = sourcecode.swift; path = InfoCar.swift; sourceTree = "<group>"; };
		FFA1AFDB2B20E63D00D83B02 /* TransmissionCar.swift */ = {isa = PBXFileReference; lastKnownFileType = sourcecode.swift; path = TransmissionCar.swift; sourceTree = "<group>"; };
		FFA1AFDF2B20EB5E00D83B02 /* TypeEngine.swift */ = {isa = PBXFileReference; lastKnownFileType = sourcecode.swift; path = TypeEngine.swift; sourceTree = "<group>"; };
		FFA1AFE12B20EC0A00D83B02 /* WheelDrive.swift */ = {isa = PBXFileReference; lastKnownFileType = sourcecode.swift; path = WheelDrive.swift; sourceTree = "<group>"; };
		FFA1AFE32B20ECB000D83B02 /* CarBody.swift */ = {isa = PBXFileReference; lastKnownFileType = sourcecode.swift; path = CarBody.swift; sourceTree = "<group>"; };
		FFA1AFE62B20F46F00D83B02 /* MainViewController.swift */ = {isa = PBXFileReference; lastKnownFileType = sourcecode.swift; path = MainViewController.swift; sourceTree = "<group>"; };
		FFBD3A132B1E62DA009FFAA7 /* FavoritViewController.swift */ = {isa = PBXFileReference; lastKnownFileType = sourcecode.swift; path = FavoritViewController.swift; sourceTree = "<group>"; };
/* End PBXFileReference section */

/* Begin PBXFrameworksBuildPhase section */
		FF275D302B1A72FD00B6FE9C /* Frameworks */ = {
			isa = PBXFrameworksBuildPhase;
			buildActionMask = 2147483647;
			files = (
			);
			runOnlyForDeploymentPostprocessing = 0;
		};
/* End PBXFrameworksBuildPhase section */

/* Begin PBXGroup section */
		FF275D2A2B1A72FD00B6FE9C = {
			isa = PBXGroup;
			children = (
				FF275D352B1A72FD00B6FE9C /* av.by */,
				FF275D342B1A72FD00B6FE9C /* Products */,
			);
			sourceTree = "<group>";
		};
		FF275D342B1A72FD00B6FE9C /* Products */ = {
			isa = PBXGroup;
			children = (
				FF275D332B1A72FD00B6FE9C /* av.by.app */,
			);
			name = Products;
			sourceTree = "<group>";
		};
		FF275D352B1A72FD00B6FE9C /* av.by */ = {
			isa = PBXGroup;
			children = (
				FFA1AFD72B20D42100D83B02 /* Structers */,
				FFA1AFDA2B20E60D00D83B02 /* Enums */,
				FFA1AFE52B20EDEC00D83B02 /* CastomCells */,
				FF275D362B1A72FD00B6FE9C /* AppDelegate.swift */,
				FF275D382B1A72FD00B6FE9C /* SceneDelegate.swift */,
				FF275D3F2B1A72FF00B6FE9C /* Assets.xcassets */,
				FF275D412B1A72FF00B6FE9C /* LaunchScreen.storyboard */,
				FF275D442B1A72FF00B6FE9C /* Info.plist */,
				FFA1AFE62B20F46F00D83B02 /* MainViewController.swift */,
				FFA1AFCC2B1F849D00D83B02 /* TabBarItems */,
				FF3C95492B28D5E70008F773 /* UIViewExtension.swift */,
			);
			path = av.by;
			sourceTree = "<group>";
		};
		FFA1AFCC2B1F849D00D83B02 /* TabBarItems */ = {
			isa = PBXGroup;
			children = (
				FF275D3A2B1A72FD00B6FE9C /* SearchViewController.swift */,
				FFBD3A132B1E62DA009FFAA7 /* FavoritViewController.swift */,
				FFA1AFD12B1F876900D83B02 /* AdsViewController.swift */,
				FFA1AFCD2B1F850500D83B02 /* MessegeViewController.swift */,
				FFA1AFCF2B1F855D00D83B02 /* OtherViewController.swift */,
			);
			name = TabBarItems;
			sourceTree = "<group>";
		};
		FFA1AFD72B20D42100D83B02 /* Structers */ = {
			isa = PBXGroup;
			children = (
				FFA1AFD82B20D49C00D83B02 /* InfoCar.swift */,
			);
			path = Structers;
			sourceTree = "<group>";
		};
		FFA1AFDA2B20E60D00D83B02 /* Enums */ = {
			isa = PBXGroup;
			children = (
				FFA1AFDB2B20E63D00D83B02 /* TransmissionCar.swift */,
				FFA1AFDF2B20EB5E00D83B02 /* TypeEngine.swift */,
				FFA1AFE12B20EC0A00D83B02 /* WheelDrive.swift */,
				FFA1AFE32B20ECB000D83B02 /* CarBody.swift */,
				FF2021AA2B23A81300DB7F5B /* Change.swift */,
				FF2021AC2B23A85C00DB7F5B /* Regisrtation.swift */,
			);
			name = Enums;
			sourceTree = "<group>";
		};
		FFA1AFE52B20EDEC00D83B02 /* CastomCells */ = {
			isa = PBXGroup;
			children = (
				FFA1AFD52B20D0D500D83B02 /* SearchVCTableViewCell.swift */,
				FF2021A82B2363D800DB7F5B /* IconCollectionViewCell.swift */,
			);
			path = CastomCells;
			sourceTree = "<group>";
		};
/* End PBXGroup section */

/* Begin PBXNativeTarget section */
		FF275D322B1A72FD00B6FE9C /* av.by */ = {
			isa = PBXNativeTarget;
			buildConfigurationList = FF275D472B1A72FF00B6FE9C /* Build configuration list for PBXNativeTarget "av.by" */;
			buildPhases = (
				FF275D2F2B1A72FD00B6FE9C /* Sources */,
				FF275D302B1A72FD00B6FE9C /* Frameworks */,
				FF275D312B1A72FD00B6FE9C /* Resources */,
			);
			buildRules = (
			);
			dependencies = (
			);
			name = av.by;
			productName = av.by;
			productReference = FF275D332B1A72FD00B6FE9C /* av.by.app */;
			productType = "com.apple.product-type.application";
		};
/* End PBXNativeTarget section */

/* Begin PBXProject section */
		FF275D2B2B1A72FD00B6FE9C /* Project object */ = {
			isa = PBXProject;
			attributes = {
				BuildIndependentTargetsInParallel = 1;
				LastSwiftUpdateCheck = 1500;
				LastUpgradeCheck = 1500;
				TargetAttributes = {
					FF275D322B1A72FD00B6FE9C = {
						CreatedOnToolsVersion = 15.0.1;
					};
				};
			};
			buildConfigurationList = FF275D2E2B1A72FD00B6FE9C /* Build configuration list for PBXProject "av.by" */;
			compatibilityVersion = "Xcode 14.0";
			developmentRegion = en;
			hasScannedForEncodings = 0;
			knownRegions = (
				en,
				Base,
			);
			mainGroup = FF275D2A2B1A72FD00B6FE9C;
			productRefGroup = FF275D342B1A72FD00B6FE9C /* Products */;
			projectDirPath = "";
			projectRoot = "";
			targets = (
				FF275D322B1A72FD00B6FE9C /* av.by */,
			);
		};
/* End PBXProject section */

/* Begin PBXResourcesBuildPhase section */
		FF275D312B1A72FD00B6FE9C /* Resources */ = {
			isa = PBXResourcesBuildPhase;
			buildActionMask = 2147483647;
			files = (
				FF275D432B1A72FF00B6FE9C /* LaunchScreen.storyboard in Resources */,
				FF275D402B1A72FF00B6FE9C /* Assets.xcassets in Resources */,
			);
			runOnlyForDeploymentPostprocessing = 0;
		};
/* End PBXResourcesBuildPhase section */

/* Begin PBXSourcesBuildPhase section */
		FF275D2F2B1A72FD00B6FE9C /* Sources */ = {
			isa = PBXSourcesBuildPhase;
			buildActionMask = 2147483647;
			files = (
				FFA1AFD62B20D0D500D83B02 /* SearchVCTableViewCell.swift in Sources */,
				FFA1AFE22B20EC0A00D83B02 /* WheelDrive.swift in Sources */,
				FF275D3B2B1A72FD00B6FE9C /* SearchViewController.swift in Sources */,
				FFA1AFE42B20ECB000D83B02 /* CarBody.swift in Sources */,
				FFA1AFD02B1F855D00D83B02 /* OtherViewController.swift in Sources */,
				FFA1AFD22B1F876900D83B02 /* AdsViewController.swift in Sources */,
				FF3C954A2B28D5E70008F773 /* UIViewExtension.swift in Sources */,
				FFA1AFDC2B20E63D00D83B02 /* TransmissionCar.swift in Sources */,
				FFA1AFE72B20F46F00D83B02 /* MainViewController.swift in Sources */,
				FF275D372B1A72FD00B6FE9C /* AppDelegate.swift in Sources */,
				FF275D392B1A72FD00B6FE9C /* SceneDelegate.swift in Sources */,
				FFBD3A142B1E62DA009FFAA7 /* FavoritViewController.swift in Sources */,
				FF2021A92B2363D800DB7F5B /* IconCollectionViewCell.swift in Sources */,
				FFA1AFD92B20D49C00D83B02 /* InfoCar.swift in Sources */,
				FF2021AB2B23A81300DB7F5B /* Change.swift in Sources */,
				FFA1AFCE2B1F850500D83B02 /* MessegeViewController.swift in Sources */,
				FFA1AFE02B20EB5E00D83B02 /* TypeEngine.swift in Sources */,
				FF2021AD2B23A85C00DB7F5B /* Regisrtation.swift in Sources */,
			);
			runOnlyForDeploymentPostprocessing = 0;
		};
/* End PBXSourcesBuildPhase section */

/* Begin PBXVariantGroup section */
		FF275D412B1A72FF00B6FE9C /* LaunchScreen.storyboard */ = {
			isa = PBXVariantGroup;
			children = (
				FF275D422B1A72FF00B6FE9C /* Base */,
			);
			name = LaunchScreen.storyboard;
			sourceTree = "<group>";
		};
/* End PBXVariantGroup section */

/* Begin XCBuildConfiguration section */
		FF275D452B1A72FF00B6FE9C /* Debug */ = {
			isa = XCBuildConfiguration;
			buildSettings = {
				ALWAYS_SEARCH_USER_PATHS = NO;
				ASSETCATALOG_COMPILER_GENERATE_SWIFT_ASSET_SYMBOL_EXTENSIONS = YES;
				CLANG_ANALYZER_NONNULL = YES;
				CLANG_ANALYZER_NUMBER_OBJECT_CONVERSION = YES_AGGRESSIVE;
				CLANG_CXX_LANGUAGE_STANDARD = "gnu++20";
				CLANG_ENABLE_MODULES = YES;
				CLANG_ENABLE_OBJC_ARC = YES;
				CLANG_ENABLE_OBJC_WEAK = YES;
				CLANG_WARN_BLOCK_CAPTURE_AUTORELEASING = YES;
				CLANG_WARN_BOOL_CONVERSION = YES;
				CLANG_WARN_COMMA = YES;
				CLANG_WARN_CONSTANT_CONVERSION = YES;
				CLANG_WARN_DEPRECATED_OBJC_IMPLEMENTATIONS = YES;
				CLANG_WARN_DIRECT_OBJC_ISA_USAGE = YES_ERROR;
				CLANG_WARN_DOCUMENTATION_COMMENTS = YES;
				CLANG_WARN_EMPTY_BODY = YES;
				CLANG_WARN_ENUM_CONVERSION = YES;
				CLANG_WARN_INFINITE_RECURSION = YES;
				CLANG_WARN_INT_CONVERSION = YES;
				CLANG_WARN_NON_LITERAL_NULL_CONVERSION = YES;
				CLANG_WARN_OBJC_IMPLICIT_RETAIN_SELF = YES;
				CLANG_WARN_OBJC_LITERAL_CONVERSION = YES;
				CLANG_WARN_OBJC_ROOT_CLASS = YES_ERROR;
				CLANG_WARN_QUOTED_INCLUDE_IN_FRAMEWORK_HEADER = YES;
				CLANG_WARN_RANGE_LOOP_ANALYSIS = YES;
				CLANG_WARN_STRICT_PROTOTYPES = YES;
				CLANG_WARN_SUSPICIOUS_MOVE = YES;
				CLANG_WARN_UNGUARDED_AVAILABILITY = YES_AGGRESSIVE;
				CLANG_WARN_UNREACHABLE_CODE = YES;
				CLANG_WARN__DUPLICATE_METHOD_MATCH = YES;
				COPY_PHASE_STRIP = NO;
				DEBUG_INFORMATION_FORMAT = dwarf;
				ENABLE_STRICT_OBJC_MSGSEND = YES;
				ENABLE_TESTABILITY = YES;
				ENABLE_USER_SCRIPT_SANDBOXING = YES;
				GCC_C_LANGUAGE_STANDARD = gnu17;
				GCC_DYNAMIC_NO_PIC = NO;
				GCC_NO_COMMON_BLOCKS = YES;
				GCC_OPTIMIZATION_LEVEL = 0;
				GCC_PREPROCESSOR_DEFINITIONS = (
					"DEBUG=1",
					"$(inherited)",
				);
				GCC_WARN_64_TO_32_BIT_CONVERSION = YES;
				GCC_WARN_ABOUT_RETURN_TYPE = YES_ERROR;
				GCC_WARN_UNDECLARED_SELECTOR = YES;
				GCC_WARN_UNINITIALIZED_AUTOS = YES_AGGRESSIVE;
				GCC_WARN_UNUSED_FUNCTION = YES;
				GCC_WARN_UNUSED_VARIABLE = YES;
				IPHONEOS_DEPLOYMENT_TARGET = 17.0;
				LOCALIZATION_PREFERS_STRING_CATALOGS = YES;
				MTL_ENABLE_DEBUG_INFO = INCLUDE_SOURCE;
				MTL_FAST_MATH = YES;
				ONLY_ACTIVE_ARCH = YES;
				SDKROOT = iphoneos;
				SWIFT_ACTIVE_COMPILATION_CONDITIONS = "DEBUG $(inherited)";
				SWIFT_OPTIMIZATION_LEVEL = "-Onone";
			};
			name = Debug;
		};
		FF275D462B1A72FF00B6FE9C /* Release */ = {
			isa = XCBuildConfiguration;
			buildSettings = {
				ALWAYS_SEARCH_USER_PATHS = NO;
				ASSETCATALOG_COMPILER_GENERATE_SWIFT_ASSET_SYMBOL_EXTENSIONS = YES;
				CLANG_ANALYZER_NONNULL = YES;
				CLANG_ANALYZER_NUMBER_OBJECT_CONVERSION = YES_AGGRESSIVE;
				CLANG_CXX_LANGUAGE_STANDARD = "gnu++20";
				CLANG_ENABLE_MODULES = YES;
				CLANG_ENABLE_OBJC_ARC = YES;
				CLANG_ENABLE_OBJC_WEAK = YES;
				CLANG_WARN_BLOCK_CAPTURE_AUTORELEASING = YES;
				CLANG_WARN_BOOL_CONVERSION = YES;
				CLANG_WARN_COMMA = YES;
				CLANG_WARN_CONSTANT_CONVERSION = YES;
				CLANG_WARN_DEPRECATED_OBJC_IMPLEMENTATIONS = YES;
				CLANG_WARN_DIRECT_OBJC_ISA_USAGE = YES_ERROR;
				CLANG_WARN_DOCUMENTATION_COMMENTS = YES;
				CLANG_WARN_EMPTY_BODY = YES;
				CLANG_WARN_ENUM_CONVERSION = YES;
				CLANG_WARN_INFINITE_RECURSION = YES;
				CLANG_WARN_INT_CONVERSION = YES;
				CLANG_WARN_NON_LITERAL_NULL_CONVERSION = YES;
				CLANG_WARN_OBJC_IMPLICIT_RETAIN_SELF = YES;
				CLANG_WARN_OBJC_LITERAL_CONVERSION = YES;
				CLANG_WARN_OBJC_ROOT_CLASS = YES_ERROR;
				CLANG_WARN_QUOTED_INCLUDE_IN_FRAMEWORK_HEADER = YES;
				CLANG_WARN_RANGE_LOOP_ANALYSIS = YES;
				CLANG_WARN_STRICT_PROTOTYPES = YES;
				CLANG_WARN_SUSPICIOUS_MOVE = YES;
				CLANG_WARN_UNGUARDED_AVAILABILITY = YES_AGGRESSIVE;
				CLANG_WARN_UNREACHABLE_CODE = YES;
				CLANG_WARN__DUPLICATE_METHOD_MATCH = YES;
				COPY_PHASE_STRIP = NO;
				DEBUG_INFORMATION_FORMAT = "dwarf-with-dsym";
				ENABLE_NS_ASSERTIONS = NO;
				ENABLE_STRICT_OBJC_MSGSEND = YES;
				ENABLE_USER_SCRIPT_SANDBOXING = YES;
				GCC_C_LANGUAGE_STANDARD = gnu17;
				GCC_NO_COMMON_BLOCKS = YES;
				GCC_WARN_64_TO_32_BIT_CONVERSION = YES;
				GCC_WARN_ABOUT_RETURN_TYPE = YES_ERROR;
				GCC_WARN_UNDECLARED_SELECTOR = YES;
				GCC_WARN_UNINITIALIZED_AUTOS = YES_AGGRESSIVE;
				GCC_WARN_UNUSED_FUNCTION = YES;
				GCC_WARN_UNUSED_VARIABLE = YES;
				IPHONEOS_DEPLOYMENT_TARGET = 17.0;
				LOCALIZATION_PREFERS_STRING_CATALOGS = YES;
				MTL_ENABLE_DEBUG_INFO = NO;
				MTL_FAST_MATH = YES;
				SDKROOT = iphoneos;
				SWIFT_COMPILATION_MODE = wholemodule;
				VALIDATE_PRODUCT = YES;
			};
			name = Release;
		};
		FF275D482B1A72FF00B6FE9C /* Debug */ = {
			isa = XCBuildConfiguration;
			buildSettings = {
				ASSETCATALOG_COMPILER_APPICON_NAME = AppIcon;
				ASSETCATALOG_COMPILER_GLOBAL_ACCENT_COLOR_NAME = AccentColor;
				CODE_SIGN_STYLE = Automatic;
				CURRENT_PROJECT_VERSION = 1;
				GENERATE_INFOPLIST_FILE = YES;
				INFOPLIST_FILE = av.by/Info.plist;
				INFOPLIST_KEY_UIApplicationSupportsIndirectInputEvents = YES;
				INFOPLIST_KEY_UILaunchStoryboardName = LaunchScreen;
				INFOPLIST_KEY_UIStatusBarStyle = "";
				INFOPLIST_KEY_UISupportedInterfaceOrientations = UIInterfaceOrientationPortrait;
				IPHONEOS_DEPLOYMENT_TARGET = 15.0;
				LD_RUNPATH_SEARCH_PATHS = (
					"$(inherited)",
					"@executable_path/Frameworks",
				);
				MARKETING_VERSION = 1.0;
				PRODUCT_BUNDLE_IDENTIFIER = "SnakCat.av-by";
				PRODUCT_NAME = "$(TARGET_NAME)";
				SUPPORTED_PLATFORMS = "iphoneos iphonesimulator";
				SUPPORTS_MACCATALYST = NO;
				SUPPORTS_MAC_DESIGNED_FOR_IPHONE_IPAD = NO;
				SWIFT_EMIT_LOC_STRINGS = YES;
				SWIFT_VERSION = 5.0;
				TARGETED_DEVICE_FAMILY = "1,2";
			};
			name = Debug;
		};
		FF275D492B1A72FF00B6FE9C /* Release */ = {
			isa = XCBuildConfiguration;
			buildSettings = {
				ASSETCATALOG_COMPILER_APPICON_NAME = AppIcon;
				ASSETCATALOG_COMPILER_GLOBAL_ACCENT_COLOR_NAME = AccentColor;
				CODE_SIGN_STYLE = Automatic;
				CURRENT_PROJECT_VERSION = 1;
				GENERATE_INFOPLIST_FILE = YES;
				INFOPLIST_FILE = av.by/Info.plist;
				INFOPLIST_KEY_UIApplicationSupportsIndirectInputEvents = YES;
				INFOPLIST_KEY_UILaunchStoryboardName = LaunchScreen;
				INFOPLIST_KEY_UIStatusBarStyle = "";
				INFOPLIST_KEY_UISupportedInterfaceOrientations = UIInterfaceOrientationPortrait;
				IPHONEOS_DEPLOYMENT_TARGET = 15.0;
				LD_RUNPATH_SEARCH_PATHS = (
					"$(inherited)",
					"@executable_path/Frameworks",
				);
				MARKETING_VERSION = 1.0;
				PRODUCT_BUNDLE_IDENTIFIER = "SnakCat.av-by";
				PRODUCT_NAME = "$(TARGET_NAME)";
				SUPPORTED_PLATFORMS = "iphoneos iphonesimulator";
				SUPPORTS_MACCATALYST = NO;
				SUPPORTS_MAC_DESIGNED_FOR_IPHONE_IPAD = NO;
				SWIFT_EMIT_LOC_STRINGS = YES;
				SWIFT_VERSION = 5.0;
				TARGETED_DEVICE_FAMILY = "1,2";
			};
			name = Release;
		};
/* End XCBuildConfiguration section */

/* Begin XCConfigurationList section */
		FF275D2E2B1A72FD00B6FE9C /* Build configuration list for PBXProject "av.by" */ = {
			isa = XCConfigurationList;
			buildConfigurations = (
				FF275D452B1A72FF00B6FE9C /* Debug */,
				FF275D462B1A72FF00B6FE9C /* Release */,
			);
			defaultConfigurationIsVisible = 0;
			defaultConfigurationName = Release;
		};
		FF275D472B1A72FF00B6FE9C /* Build configuration list for PBXNativeTarget "av.by" */ = {
			isa = XCConfigurationList;
			buildConfigurations = (
				FF275D482B1A72FF00B6FE9C /* Debug */,
				FF275D492B1A72FF00B6FE9C /* Release */,
			);
			defaultConfigurationIsVisible = 0;
			defaultConfigurationName = Release;
		};
/* End XCConfigurationList section */
	};
	rootObject = FF275D2B2B1A72FD00B6FE9C /* Project object */;
}
